# THIS IS AN AUTOGENERATED FILE. DO NOT EDIT THIS FILE DIRECTLY.
# yarn lockfile v1


"@types/prop-types@*":
  version "15.7.5"
  resolved "https://registry.yarnpkg.com/@types/prop-types/-/prop-types-15.7.5.tgz#5f19d2b85a98e9558036f6a3cacc8819420f05cf"
  integrity sha512-JCB8C6SnDoQf0cNycqd/35A7MjcnK+ZTqE7judS6o7utxUCg6imJg3QK2qzHKszlTjcj2cn+NwMB2i96ubpj7w==

"@types/react-calendar@^3.0.0":
  version "3.5.1"
  resolved "https://registry.yarnpkg.com/@types/react-calendar/-/react-calendar-3.5.1.tgz#5597f5e58d69bd13972f88546b50f9a3b98518db"
  integrity sha512-d71cKkkSN8CA4PWx87jQOrEyElc2uY3hwpXmceroaPMrMaZ9fPlLFPLP0OCaay5nlJ6ErNmHVb75lE1huharPQ==
  dependencies:
    "@types/react" "*"

"@types/react@*":
  version "18.0.9"
  resolved "https://registry.yarnpkg.com/@types/react/-/react-18.0.9.tgz#d6712a38bd6cd83469603e7359511126f122e878"
  integrity sha512-9bjbg1hJHUm4De19L1cHiW0Jvx3geel6Qczhjd0qY5VKVE2X5+x77YxAepuCwVh4vrgZJdgEJw48zrhRIeF4Nw==
  dependencies:
    "@types/prop-types" "*"
    "@types/scheduler" "*"
    csstype "^3.0.2"

"@types/scheduler@*":
  version "0.16.2"
  resolved "https://registry.yarnpkg.com/@types/scheduler/-/scheduler-0.16.2.tgz#1a62f89525723dde24ba1b01b092bf5df8ad4d39"
  integrity sha512-hppQEBDmlwhFAXKJX2KnWLYu5yMfi91yazPb2l+lbJiwW+wdo1gNeRA+3RgNSO39WYX2euey41KEwnqesU2Jew==

"@wojtekmaj/date-utils@^1.0.2", "@wojtekmaj/date-utils@^1.0.3":
  version "1.0.3"
  resolved "https://registry.yarnpkg.com/@wojtekmaj/date-utils/-/date-utils-1.0.3.tgz#2dcfd92881425c5923e429c2aec86fb3609032a1"
  integrity sha512-1VPkkTBk07gMR1fjpBtse4G+oJqpmE+0gUFB0dg3VIL7qJmUVaBoD/vlzMm/jNeOPfvlmerl1lpnsZyBUFIRuw==

csstype@^3.0.2:
  version "3.1.0"
  resolved "https://registry.yarnpkg.com/csstype/-/csstype-3.1.0.tgz#4ddcac3718d787cf9df0d1b7d15033925c8f29f2"
  integrity sha512-uX1KG+x9h5hIJsaKR9xHUeUraxf8IODOwq9JLNPq6BwB04a/xgpq3rcx47l5BZu5zBPlgD342tdke3Hom/nJRA==

detect-element-overflow@^1.2.0:
  version "1.2.0"
  resolved "https://registry.yarnpkg.com/detect-element-overflow/-/detect-element-overflow-1.2.0.tgz#86e504292ffedc3aef813395fbdf0261aaf6afa9"
  integrity sha512-Jtr9ivYPhpd9OJux+hjL0QjUKiS1Ghgy8tvIufUjFslQgIWvgGr4mn57H190APbKkiOmXnmtMI6ytaKzMusecg==

get-user-locale@^1.2.0:
  version "1.4.0"
  resolved "https://registry.yarnpkg.com/get-user-locale/-/get-user-locale-1.4.0.tgz#a2c4b5da46feec9f03c9b07d197b1620490a5370"
  integrity sha512-gQo03lP1OArHLKlnoglqrGGl7b04u2EP9Xutmp72cMdtrrSD7ZgIsCsUKZynYWLDkVJW33Cj3pliP7uP0UonHQ==
  dependencies:
    lodash.once "^4.1.1"

"js-tokens@^3.0.0 || ^4.0.0":
  version "4.0.0"
  resolved "https://registry.yarnpkg.com/js-tokens/-/js-tokens-4.0.0.tgz#19203fb59991df98e3a287050d4647cdeaf32499"
  integrity sha512-RdJUflcE3cUzKiMqQgsCu06FPu9UdIJO0beYbPhHN4k6apgJtifcoCtT9bcxOpYBtpD2kCM6Sbzg4CausW/PKQ==

lodash.once@^4.1.1:
  version "4.1.1"
  resolved "https://registry.yarnpkg.com/lodash.once/-/lodash.once-4.1.1.tgz#0dd3971213c7c56df880977d504c88fb471a97ac"
  integrity sha1-DdOXEhPHxW34gJd9UEyI+0cal6w=

loose-envify@^1.4.0:
  version "1.4.0"
  resolved "https://registry.yarnpkg.com/loose-envify/-/loose-envify-1.4.0.tgz#71ee51fa7be4caec1a63839f7e682d8132d30caf"
  integrity sha512-lyuxPGr/Wfhrlem2CL/UcnUc1zcqKAImBDzukY7Y5F/yQiNdko6+fRLevlw1HgMySw7f611UIY408EtxRSoK3Q==
  dependencies:
    js-tokens "^3.0.0 || ^4.0.0"

make-event-props@^1.1.0:
  version "1.3.0"
  resolved "https://registry.yarnpkg.com/make-event-props/-/make-event-props-1.3.0.tgz#2434cb390d58bcf40898d009ef5b1f936de9671b"
  integrity sha512-oWiDZMcVB1/A487251hEWza1xzgCzl6MXxe9aF24l5Bt9N9UEbqTqKumEfuuLhmlhRZYnc+suVvW4vUs8bwO7Q==

merge-class-names@^1.1.1:
  version "1.4.2"
  resolved "https://registry.yarnpkg.com/merge-class-names/-/merge-class-names-1.4.2.tgz#78d6d95ab259e7e647252a7988fd25a27d5a8835"
  integrity sha512-bOl98VzwCGi25Gcn3xKxnR5p/WrhWFQB59MS/aGENcmUc6iSm96yrFDF0XSNurX9qN4LbJm0R9kfvsQ17i8zCw==

merge-refs@^1.0.0:
  version "1.0.0"
  resolved "https://registry.yarnpkg.com/merge-refs/-/merge-refs-1.0.0.tgz#388348bce22e623782c6df9d3c4fc55888276120"
  integrity sha512-WZ4S5wqD9FCR9hxkLgvcHJCBxzXzy3VVE6p8W2OzxRzB+hLRlcadGE2bW9xp2KSzk10rvp4y+pwwKO6JQVguMg==

object-assign@^4.1.1:
  version "4.1.1"
  resolved "https://registry.yarnpkg.com/object-assign/-/object-assign-4.1.1.tgz#2109adc7965887cfc05cbbd442cac8bfbb360863"
  integrity sha1-IQmtx5ZYh8/AXLvUQsrIv7s2CGM=

prop-types@^15.6.0:
  version "15.8.1"
  resolved "https://registry.yarnpkg.com/prop-types/-/prop-types-15.8.1.tgz#67d87bf1a694f48435cf332c24af10214a3140b5"
  integrity sha512-oj87CgZICdulUohogVAR7AjlC0327U4el4L6eAvOqCeudMDVU0NThNaV+b9Df4dXgSP1gXMTnPdhfe/2qDH5cg==
  dependencies:
    loose-envify "^1.4.0"
    object-assign "^4.1.1"
    react-is "^16.13.1"

react-calendar@^3.3.1:
  version "3.7.0"
  resolved "https://registry.yarnpkg.com/react-calendar/-/react-calendar-3.7.0.tgz#951d56e91afb33b1c1e019cb790349fbffcc6894"
  integrity sha512-zkK95zWLWLC6w3O7p3SHx/FJXEyyD2UMd4jr3CrKD+G73N+G5vEwrXxYQCNivIPoFNBjqoyYYGlkHA+TBDPLCw==
  dependencies:
    "@wojtekmaj/date-utils" "^1.0.2"
    get-user-locale "^1.2.0"
    merge-class-names "^1.1.1"
    prop-types "^15.6.0"

react-date-picker@^8.4.0:
  version "8.4.0"
  resolved "https://registry.yarnpkg.com/react-date-picker/-/react-date-picker-8.4.0.tgz#2d166bbaa59b08ec8686f671fde553458d19f8c8"
  integrity sha512-zocntugDUyiHmV2Nq1qnsk4kDQuhBLUsDTz7akfIEJ0jVX925w0K5Ai5oZzWFNQOzXL/ITxafmDMuSbzlpBt/A==
  dependencies:
    "@types/react-calendar" "^3.0.0"
    "@wojtekmaj/date-utils" "^1.0.3"
    get-user-locale "^1.2.0"
    make-event-props "^1.1.0"
    merge-class-names "^1.1.1"
    merge-refs "^1.0.0"
    prop-types "^15.6.0"
    react-calendar "^3.3.1"
    react-fit "^1.4.0"
    update-input-width "^1.2.2"

react-fit@^1.4.0:
  version "1.4.0"
  resolved "https://registry.yarnpkg.com/react-fit/-/react-fit-1.4.0.tgz#6b6e3c75215561cc3cfb9854a6811b4347628666"
  integrity sha512-cf9sFKbr1rlTB9fNIKE5Uy4NCMUOqrX2mdJ69V4RtmV4KubPdtnbIP1tEar16GXaToCRr7I7c9d2wkTNk9TV5g==
  dependencies:
    detect-element-overflow "^1.2.0"
    prop-types "^15.6.0"
    tiny-warning "^1.0.0"

react-is@^16.13.1:
  version "16.13.1"
  resolved "https://registry.yarnpkg.com/react-is/-/react-is-16.13.1.tgz#789729a4dc36de2999dc156dd6c1d9c18cea56a4"
  integrity sha512-24e6ynE2H+OKt4kqsOvNd8kBpV65zoxbA4BVsEOB3ARVWQki/DHzaUoC5KuON/BiccDaCCTZBuOcfZs70kR8bQ==

tiny-warning@^1.0.0:
  version "1.0.3"
  resolved "https://registry.yarnpkg.com/tiny-warning/-/tiny-warning-1.0.3.tgz#94a30db453df4c643d0fd566060d60a875d84754"
  integrity sha512-lBN9zLN/oAf68o3zNXYrdCt1kP8WsiGW8Oo2ka41b2IM5JL/S1CTyX1rW0mb/zSuJun0ZUrDxx4sqvYS2FWzPA==

update-input-width@^1.2.2:
  version "1.2.2"
  resolved "https://registry.yarnpkg.com/update-input-width/-/update-input-width-1.2.2.tgz#9a6a35858ae8e66fbfe0304437b23a4934fc7d37"
  integrity sha512-6QwD9ZVSXb96PxOZ01DU0DJTPwQGY7qBYgdniZKJN02Xzom2m+9J6EPxMbefskqtj4x78qbe5psDSALq9iNEYg==
